<?xml version="1.0" encoding="utf-8"?>
<Project ToolsVersion="4.0" xmlns="http://schemas.microsoft.com/developer/msbuild/2003">
  <ItemGroup>
    <Filter Include="gatesvr">
      <UniqueIdentifier>{33ab97cf-98ab-497d-9adb-4b1a25ee89af}</UniqueIdentifier>
    </Filter>
  </ItemGroup>
  <ItemGroup>
    <ClCompile Include="GateSvr.cpp">
      <Filter>gatesvr</Filter>
    </ClCompile>
    <ClCompile Include="main.cpp" />
  </ItemGroup>
  <ItemGroup>
    <ClInclude Include="GateSvr.h">
      <Filter>gatesvr</Filter>
    </ClInclude>
  </ItemGroup>
</Project>