<?xml version="1.0" encoding="utf-8"?>
<Project ToolsVersion="4.0" xmlns="http://schemas.microsoft.com/developer/msbuild/2003">
  <ItemGroup>
    <Filter Include="loginsvr">
      <UniqueIdentifier>{847bc593-63b5-4081-9376-a608dad0e10c}</UniqueIdentifier>
    </Filter>
  </ItemGroup>
  <ItemGroup>
    <ClCompile Include="LoginSvr.cpp">
      <Filter>loginsvr</Filter>
    </ClCompile>
    <ClCompile Include="main.cpp" />
  </ItemGroup>
  <ItemGroup>
    <ClInclude Include="LoginSvr.h">
      <Filter>loginsvr</Filter>
    </ClInclude>
  </ItemGroup>
</Project>