
Microsoft Visual Studio Solution File, Format Version 11.00
# Visual Studio 2010
Project("{2150E333-8FDC-42A3-9474-1A3956D46DE8}") = "server", "server", "{252F8A99-93C0-4065-ACAD-BEBF25FC498C}"
EndProject
Project("{2150E333-8FDC-42A3-9474-1A3956D46DE8}") = "tool", "tool", "{069127BA-D65F-42CA-B0EB-2DC90A0546D8}"
EndProject
Project("{8BC9CEB8-8B4A-11D0-8D11-00A0C91BC942}") = "gateserver", "server\gateserver.vcxproj", "{E03D6459-CE00-4C35-AFB2-2134A9BF6ACE}"
EndProject
Project("{8BC9CEB8-8B4A-11D0-8D11-00A0C91BC942}") = "packetrobot", "tools\packetrobot.vcxproj", "{9665918B-39B0-4D48-B39A-4EF1D52FDE9D}"
EndProject
Project("{8BC9CEB8-8B4A-11D0-8D11-00A0C91BC942}") = "loginserver", "server\loginserver.vcxproj", "{CE3AB076-C3AA-4A2A-A510-2CB9E1C9A27D}"
EndProject
Project("{8BC9CEB8-8B4A-11D0-8D11-00A0C91BC942}") = "zoneserver", "server\zoneserver.vcxproj", "{44DA734E-A39D-4BE6-9D40-0E2B5F8B6075}"
EndProject
Project("{8BC9CEB8-8B4A-11D0-8D11-00A0C91BC942}") = "gameserver", "server\gameserver.vcxproj", "{6831FFE6-FDA2-44E1-BAAE-9721DAB38401}"
EndProject
Project("{8BC9CEB8-8B4A-11D0-8D11-00A0C91BC942}") = "Lookup", "tools\Lookup.vcxproj", "{B5BC41CC-E8D6-4DF3-A20F-ADFA2EA562F5}"
EndProject
Project("{8BC9CEB8-8B4A-11D0-8D11-00A0C91BC942}") = "vscoder", "tools\vscoder.vcxproj", "{3D955B73-4942-4CE9-81B4-72BA7B017D0B}"
EndProject
Project("{8BC9CEB8-8B4A-11D0-8D11-00A0C91BC942}") = "exchange", "tools\exchange.vcxproj", "{F4D7CF92-56D7-4B61-8EC7-5AA9D79F8B67}"
EndProject
Project("{8BC9CEB8-8B4A-11D0-8D11-00A0C91BC942}") = "coder", "tools\coder.vcxproj", "{779ADEAE-2FCC-4AA5-975E-F58D53AD0719}"
EndProject
Project("{8BC9CEB8-8B4A-11D0-8D11-00A0C91BC942}") = "gmserver", "server\gmserver.vcxproj", "{7344F48E-2F41-4704-AA2F-D46592A1C609}"
EndProject
Project("{2150E333-8FDC-42A3-9474-1A3956D46DE8}") = "dll", "dll", "{E2805711-EACB-42EF-A7A9-DEB74D908D32}"
EndProject
Project("{8BC9CEB8-8B4A-11D0-8D11-00A0C91BC942}") = "sdframework", "dll\sdframework.vcxproj", "{8FE56F24-D839-4E9C-86C5-614F638DDC64}"
EndProject
Project("{8BC9CEB8-8B4A-11D0-8D11-00A0C91BC942}") = "sddb", "dll\sddb.vcxproj", "{42E00DA2-EDE6-41B2-8029-3527D43AF340}"
EndProject
Project("{8BC9CEB8-8B4A-11D0-8D11-00A0C91BC942}") = "sdu", "dll\sdu.vcxproj", "{1C0F9A7F-205C-4C67-838D-96AC2720C348}"
EndProject
Project("{8BC9CEB8-8B4A-11D0-8D11-00A0C91BC942}") = "sdlogger", "dll\sdlogger.vcxproj", "{106E5DD0-679F-4A27-B706-E984A95E686C}"
EndProject
Project("{8BC9CEB8-8B4A-11D0-8D11-00A0C91BC942}") = "monitorserver", "server\monitorserver.vcxproj", "{1B275F02-CDE3-416B-B0AF-4AC570965CB9}"
EndProject
Project("{8BC9CEB8-8B4A-11D0-8D11-00A0C91BC942}") = "sdmaxnetauth", "dll\sdmaxnetauth.vcxproj", "{BE245E73-FE0F-4C82-B696-0D6104AA7193}"
EndProject
Project("{8BC9CEB8-8B4A-11D0-8D11-00A0C91BC942}") = "sql2class", "..\..\src\tool\sql2class\Project\sql2class.vcxproj", "{D52322D7-0032-76D0-C104-C8EE1195CD4C}"
EndProject
Global
	GlobalSection(SolutionConfigurationPlatforms) = preSolution
		Debug_Unicode|Win32 = Debug_Unicode|Win32
		Debug_Unicode|x64 = Debug_Unicode|x64
		Debug_UnicodeMD|Win32 = Debug_UnicodeMD|Win32
		Debug_UnicodeMD|x64 = Debug_UnicodeMD|x64
		Debug|Win32 = Debug|Win32
		Debug|x64 = Debug|x64
		Release_Unicode|Win32 = Release_Unicode|Win32
		Release_Unicode|x64 = Release_Unicode|x64
		Release_UnicodeMD|Win32 = Release_UnicodeMD|Win32
		Release_UnicodeMD|x64 = Release_UnicodeMD|x64
		Release|Win32 = Release|Win32
		Release|x64 = Release|x64
	EndGlobalSection
	GlobalSection(ProjectConfigurationPlatforms) = postSolution
		{E03D6459-CE00-4C35-AFB2-2134A9BF6ACE}.Debug_Unicode|Win32.ActiveCfg = Debug_Unicode|Win32
		{E03D6459-CE00-4C35-AFB2-2134A9BF6ACE}.Debug_Unicode|Win32.Build.0 = Debug_Unicode|Win32
		{E03D6459-CE00-4C35-AFB2-2134A9BF6ACE}.Debug_Unicode|x64.ActiveCfg = Debug_Unicode|x64
		{E03D6459-CE00-4C35-AFB2-2134A9BF6ACE}.Debug_Unicode|x64.Build.0 = Debug_Unicode|x64
		{E03D6459-CE00-4C35-AFB2-2134A9BF6ACE}.Debug_UnicodeMD|Win32.ActiveCfg = Debug_UnicodeMD|Win32
		{E03D6459-CE00-4C35-AFB2-2134A9BF6ACE}.Debug_UnicodeMD|Win32.Build.0 = Debug_UnicodeMD|Win32
		{E03D6459-CE00-4C35-AFB2-2134A9BF6ACE}.Debug_UnicodeMD|x64.ActiveCfg = Debug_UnicodeMD|x64
		{E03D6459-CE00-4C35-AFB2-2134A9BF6ACE}.Debug_UnicodeMD|x64.Build.0 = Debug_UnicodeMD|x64
		{E03D6459-CE00-4C35-AFB2-2134A9BF6ACE}.Debug|Win32.ActiveCfg = Debug|Win32
		{E03D6459-CE00-4C35-AFB2-2134A9BF6ACE}.Debug|Win32.Build.0 = Debug|Win32
		{E03D6459-CE00-4C35-AFB2-2134A9BF6ACE}.Debug|x64.ActiveCfg = Debug|x64
		{E03D6459-CE00-4C35-AFB2-2134A9BF6ACE}.Debug|x64.Build.0 = Debug|x64
		{E03D6459-CE00-4C35-AFB2-2134A9BF6ACE}.Release_Unicode|Win32.ActiveCfg = Release_Unicode|Win32
		{E03D6459-CE00-4C35-AFB2-2134A9BF6ACE}.Release_Unicode|Win32.Build.0 = Release_Unicode|Win32
		{E03D6459-CE00-4C35-AFB2-2134A9BF6ACE}.Release_Unicode|x64.ActiveCfg = Release_Unicode|x64
		{E03D6459-CE00-4C35-AFB2-2134A9BF6ACE}.Release_Unicode|x64.Build.0 = Release_Unicode|x64
		{E03D6459-CE00-4C35-AFB2-2134A9BF6ACE}.Release_UnicodeMD|Win32.ActiveCfg = Release_UnicodeMD|Win32
		{E03D6459-CE00-4C35-AFB2-2134A9BF6ACE}.Release_UnicodeMD|Win32.Build.0 = Release_UnicodeMD|Win32
		{E03D6459-CE00-4C35-AFB2-2134A9BF6ACE}.Release_UnicodeMD|x64.ActiveCfg = Release_UnicodeMD|x64
		{E03D6459-CE00-4C35-AFB2-2134A9BF6ACE}.Release_UnicodeMD|x64.Build.0 = Release_UnicodeMD|x64
		{E03D6459-CE00-4C35-AFB2-2134A9BF6ACE}.Release|Win32.ActiveCfg = Release|Win32
		{E03D6459-CE00-4C35-AFB2-2134A9BF6ACE}.Release|Win32.Build.0 = Release|Win32
		{E03D6459-CE00-4C35-AFB2-2134A9BF6ACE}.Release|x64.ActiveCfg = Release|x64
		{E03D6459-CE00-4C35-AFB2-2134A9BF6ACE}.Release|x64.Build.0 = Release|x64
		{9665918B-39B0-4D48-B39A-4EF1D52FDE9D}.Debug_Unicode|Win32.ActiveCfg = Debug_Unicode|Win32
		{9665918B-39B0-4D48-B39A-4EF1D52FDE9D}.Debug_Unicode|Win32.Build.0 = Debug_Unicode|Win32
		{9665918B-39B0-4D48-B39A-4EF1D52FDE9D}.Debug_Unicode|x64.ActiveCfg = Debug_Unicode|Win32
		{9665918B-39B0-4D48-B39A-4EF1D52FDE9D}.Debug_UnicodeMD|Win32.ActiveCfg = Debug_Unicode|Win32
		{9665918B-39B0-4D48-B39A-4EF1D52FDE9D}.Debug_UnicodeMD|Win32.Build.0 = Debug_Unicode|Win32
		{9665918B-39B0-4D48-B39A-4EF1D52FDE9D}.Debug_UnicodeMD|x64.ActiveCfg = Debug_Unicode|Win32
		{9665918B-39B0-4D48-B39A-4EF1D52FDE9D}.Debug|Win32.ActiveCfg = Debug_Unicode|Win32
		{9665918B-39B0-4D48-B39A-4EF1D52FDE9D}.Debug|Win32.Build.0 = Debug_Unicode|Win32
		{9665918B-39B0-4D48-B39A-4EF1D52FDE9D}.Debug|x64.ActiveCfg = Debug_Unicode|Win32
		{9665918B-39B0-4D48-B39A-4EF1D52FDE9D}.Release_Unicode|Win32.ActiveCfg = Release_Unicode|Win32
		{9665918B-39B0-4D48-B39A-4EF1D52FDE9D}.Release_Unicode|Win32.Build.0 = Release_Unicode|Win32
		{9665918B-39B0-4D48-B39A-4EF1D52FDE9D}.Release_Unicode|x64.ActiveCfg = Release_Unicode|Win32
		{9665918B-39B0-4D48-B39A-4EF1D52FDE9D}.Release_UnicodeMD|Win32.ActiveCfg = Release_Unicode|Win32
		{9665918B-39B0-4D48-B39A-4EF1D52FDE9D}.Release_UnicodeMD|Win32.Build.0 = Release_Unicode|Win32
		{9665918B-39B0-4D48-B39A-4EF1D52FDE9D}.Release_UnicodeMD|x64.ActiveCfg = Release_Unicode|Win32
		{9665918B-39B0-4D48-B39A-4EF1D52FDE9D}.Release|Win32.ActiveCfg = Release_Unicode|Win32
		{9665918B-39B0-4D48-B39A-4EF1D52FDE9D}.Release|Win32.Build.0 = Release_Unicode|Win32
		{9665918B-39B0-4D48-B39A-4EF1D52FDE9D}.Release|x64.ActiveCfg = Release_Unicode|Win32
		{CE3AB076-C3AA-4A2A-A510-2CB9E1C9A27D}.Debug_Unicode|Win32.ActiveCfg = Debug_Unicode|Win32
		{CE3AB076-C3AA-4A2A-A510-2CB9E1C9A27D}.Debug_Unicode|Win32.Build.0 = Debug_Unicode|Win32
		{CE3AB076-C3AA-4A2A-A510-2CB9E1C9A27D}.Debug_Unicode|x64.ActiveCfg = Debug_Unicode|x64
		{CE3AB076-C3AA-4A2A-A510-2CB9E1C9A27D}.Debug_Unicode|x64.Build.0 = Debug_Unicode|x64
		{CE3AB076-C3AA-4A2A-A510-2CB9E1C9A27D}.Debug_UnicodeMD|Win32.ActiveCfg = Debug_UnicodeMD|Win32
		{CE3AB076-C3AA-4A2A-A510-2CB9E1C9A27D}.Debug_UnicodeMD|Win32.Build.0 = Debug_UnicodeMD|Win32
		{CE3AB076-C3AA-4A2A-A510-2CB9E1C9A27D}.Debug_UnicodeMD|x64.ActiveCfg = Debug_UnicodeMD|x64
		{CE3AB076-C3AA-4A2A-A510-2CB9E1C9A27D}.Debug_UnicodeMD|x64.Build.0 = Debug_UnicodeMD|x64
		{CE3AB076-C3AA-4A2A-A510-2CB9E1C9A27D}.Debug|Win32.ActiveCfg = Debug|Win32
		{CE3AB076-C3AA-4A2A-A510-2CB9E1C9A27D}.Debug|Win32.Build.0 = Debug|Win32
		{CE3AB076-C3AA-4A2A-A510-2CB9E1C9A27D}.Debug|x64.ActiveCfg = Debug|x64
		{CE3AB076-C3AA-4A2A-A510-2CB9E1C9A27D}.Debug|x64.Build.0 = Debug|x64
		{CE3AB076-C3AA-4A2A-A510-2CB9E1C9A27D}.Release_Unicode|Win32.ActiveCfg = Release_Unicode|Win32
		{CE3AB076-C3AA-4A2A-A510-2CB9E1C9A27D}.Release_Unicode|Win32.Build.0 = Release_Unicode|Win32
		{CE3AB076-C3AA-4A2A-A510-2CB9E1C9A27D}.Release_Unicode|x64.ActiveCfg = Release_Unicode|x64
		{CE3AB076-C3AA-4A2A-A510-2CB9E1C9A27D}.Release_Unicode|x64.Build.0 = Release_Unicode|x64
		{CE3AB076-C3AA-4A2A-A510-2CB9E1C9A27D}.Release_UnicodeMD|Win32.ActiveCfg = Release_UnicodeMD|Win32
		{CE3AB076-C3AA-4A2A-A510-2CB9E1C9A27D}.Release_UnicodeMD|Win32.Build.0 = Release_UnicodeMD|Win32
		{CE3AB076-C3AA-4A2A-A510-2CB9E1C9A27D}.Release_UnicodeMD|x64.ActiveCfg = Release_UnicodeMD|x64
		{CE3AB076-C3AA-4A2A-A510-2CB9E1C9A27D}.Release_UnicodeMD|x64.Build.0 = Release_UnicodeMD|x64
		{CE3AB076-C3AA-4A2A-A510-2CB9E1C9A27D}.Release|Win32.ActiveCfg = Release|Win32
		{CE3AB076-C3AA-4A2A-A510-2CB9E1C9A27D}.Release|Win32.Build.0 = Release|Win32
		{CE3AB076-C3AA-4A2A-A510-2CB9E1C9A27D}.Release|x64.ActiveCfg = Release|x64
		{CE3AB076-C3AA-4A2A-A510-2CB9E1C9A27D}.Release|x64.Build.0 = Release|x64
		{44DA734E-A39D-4BE6-9D40-0E2B5F8B6075}.Debug_Unicode|Win32.ActiveCfg = Debug_Unicode|Win32
		{44DA734E-A39D-4BE6-9D40-0E2B5F8B6075}.Debug_Unicode|Win32.Build.0 = Debug_Unicode|Win32
		{44DA734E-A39D-4BE6-9D40-0E2B5F8B6075}.Debug_Unicode|x64.ActiveCfg = Debug_Unicode|x64
		{44DA734E-A39D-4BE6-9D40-0E2B5F8B6075}.Debug_Unicode|x64.Build.0 = Debug_Unicode|x64
		{44DA734E-A39D-4BE6-9D40-0E2B5F8B6075}.Debug_UnicodeMD|Win32.ActiveCfg = Debug_UnicodeMD|Win32
		{44DA734E-A39D-4BE6-9D40-0E2B5F8B6075}.Debug_UnicodeMD|Win32.Build.0 = Debug_UnicodeMD|Win32
		{44DA734E-A39D-4BE6-9D40-0E2B5F8B6075}.Debug_UnicodeMD|x64.ActiveCfg = Debug_UnicodeMD|x64
		{44DA734E-A39D-4BE6-9D40-0E2B5F8B6075}.Debug_UnicodeMD|x64.Build.0 = Debug_UnicodeMD|x64
		{44DA734E-A39D-4BE6-9D40-0E2B5F8B6075}.Debug|Win32.ActiveCfg = Debug|Win32
		{44DA734E-A39D-4BE6-9D40-0E2B5F8B6075}.Debug|Win32.Build.0 = Debug|Win32
		{44DA734E-A39D-4BE6-9D40-0E2B5F8B6075}.Debug|x64.ActiveCfg = Debug|x64
		{44DA734E-A39D-4BE6-9D40-0E2B5F8B6075}.Debug|x64.Build.0 = Debug|x64
		{44DA734E-A39D-4BE6-9D40-0E2B5F8B6075}.Release_Unicode|Win32.ActiveCfg = Release_Unicode|Win32
		{44DA734E-A39D-4BE6-9D40-0E2B5F8B6075}.Release_Unicode|Win32.Build.0 = Release_Unicode|Win32
		{44DA734E-A39D-4BE6-9D40-0E2B5F8B6075}.Release_Unicode|x64.ActiveCfg = Release_Unicode|x64
		{44DA734E-A39D-4BE6-9D40-0E2B5F8B6075}.Release_Unicode|x64.Build.0 = Release_Unicode|x64
		{44DA734E-A39D-4BE6-9D40-0E2B5F8B6075}.Release_UnicodeMD|Win32.ActiveCfg = Release_UnicodeMD|Win32
		{44DA734E-A39D-4BE6-9D40-0E2B5F8B6075}.Release_UnicodeMD|Win32.Build.0 = Release_UnicodeMD|Win32
		{44DA734E-A39D-4BE6-9D40-0E2B5F8B6075}.Release_UnicodeMD|x64.ActiveCfg = Release_UnicodeMD|x64
		{44DA734E-A39D-4BE6-9D40-0E2B5F8B6075}.Release_UnicodeMD|x64.Build.0 = Release_UnicodeMD|x64
		{44DA734E-A39D-4BE6-9D40-0E2B5F8B6075}.Release|Win32.ActiveCfg = Release|Win32
		{44DA734E-A39D-4BE6-9D40-0E2B5F8B6075}.Release|Win32.Build.0 = Release|Win32
		{44DA734E-A39D-4BE6-9D40-0E2B5F8B6075}.Release|x64.ActiveCfg = Release|x64
		{44DA734E-A39D-4BE6-9D40-0E2B5F8B6075}.Release|x64.Build.0 = Release|x64
		{6831FFE6-FDA2-44E1-BAAE-9721DAB38401}.Debug_Unicode|Win32.ActiveCfg = Debug_Unicode|Win32
		{6831FFE6-FDA2-44E1-BAAE-9721DAB38401}.Debug_Unicode|Win32.Build.0 = Debug_Unicode|Win32
		{6831FFE6-FDA2-44E1-BAAE-9721DAB38401}.Debug_Unicode|x64.ActiveCfg = Debug_Unicode|x64
		{6831FFE6-FDA2-44E1-BAAE-9721DAB38401}.Debug_Unicode|x64.Build.0 = Debug_Unicode|x64
		{6831FFE6-FDA2-44E1-BAAE-9721DAB38401}.Debug_UnicodeMD|Win32.ActiveCfg = Debug_UnicodeMD|Win32
		{6831FFE6-FDA2-44E1-BAAE-9721DAB38401}.Debug_UnicodeMD|Win32.Build.0 = Debug_UnicodeMD|Win32
		{6831FFE6-FDA2-44E1-BAAE-9721DAB38401}.Debug_UnicodeMD|x64.ActiveCfg = Debug_UnicodeMD|x64
		{6831FFE6-FDA2-44E1-BAAE-9721DAB38401}.Debug_UnicodeMD|x64.Build.0 = Debug_UnicodeMD|x64
		{6831FFE6-FDA2-44E1-BAAE-9721DAB38401}.Debug|Win32.ActiveCfg = Debug|Win32
		{6831FFE6-FDA2-44E1-BAAE-9721DAB38401}.Debug|Win32.Build.0 = Debug|Win32
		{6831FFE6-FDA2-44E1-BAAE-9721DAB38401}.Debug|x64.ActiveCfg = Debug|x64
		{6831FFE6-FDA2-44E1-BAAE-9721DAB38401}.Debug|x64.Build.0 = Debug|x64
		{6831FFE6-FDA2-44E1-BAAE-9721DAB38401}.Release_Unicode|Win32.ActiveCfg = Release_Unicode|Win32
		{6831FFE6-FDA2-44E1-BAAE-9721DAB38401}.Release_Unicode|Win32.Build.0 = Release_Unicode|Win32
		{6831FFE6-FDA2-44E1-BAAE-9721DAB38401}.Release_Unicode|x64.ActiveCfg = Release_Unicode|x64
		{6831FFE6-FDA2-44E1-BAAE-9721DAB38401}.Release_Unicode|x64.Build.0 = Release_Unicode|x64
		{6831FFE6-FDA2-44E1-BAAE-9721DAB38401}.Release_UnicodeMD|Win32.ActiveCfg = Release_UnicodeMD|Win32
		{6831FFE6-FDA2-44E1-BAAE-9721DAB38401}.Release_UnicodeMD|Win32.Build.0 = Release_UnicodeMD|Win32
		{6831FFE6-FDA2-44E1-BAAE-9721DAB38401}.Release_UnicodeMD|x64.ActiveCfg = Release_UnicodeMD|x64
		{6831FFE6-FDA2-44E1-BAAE-9721DAB38401}.Release_UnicodeMD|x64.Build.0 = Release_UnicodeMD|x64
		{6831FFE6-FDA2-44E1-BAAE-9721DAB38401}.Release|Win32.ActiveCfg = Release|Win32
		{6831FFE6-FDA2-44E1-BAAE-9721DAB38401}.Release|Win32.Build.0 = Release|Win32
		{6831FFE6-FDA2-44E1-BAAE-9721DAB38401}.Release|x64.ActiveCfg = Release|x64
		{6831FFE6-FDA2-44E1-BAAE-9721DAB38401}.Release|x64.Build.0 = Release|x64
		{B5BC41CC-E8D6-4DF3-A20F-ADFA2EA562F5}.Debug_Unicode|Win32.ActiveCfg = Debug|Win32
		{B5BC41CC-E8D6-4DF3-A20F-ADFA2EA562F5}.Debug_Unicode|Win32.Build.0 = Debug|Win32
		{B5BC41CC-E8D6-4DF3-A20F-ADFA2EA562F5}.Debug_Unicode|x64.ActiveCfg = Debug|Win32
		{B5BC41CC-E8D6-4DF3-A20F-ADFA2EA562F5}.Debug_UnicodeMD|Win32.ActiveCfg = Debug|Win32
		{B5BC41CC-E8D6-4DF3-A20F-ADFA2EA562F5}.Debug_UnicodeMD|Win32.Build.0 = Debug|Win32
		{B5BC41CC-E8D6-4DF3-A20F-ADFA2EA562F5}.Debug_UnicodeMD|x64.ActiveCfg = Debug|Win32
		{B5BC41CC-E8D6-4DF3-A20F-ADFA2EA562F5}.Debug|Win32.ActiveCfg = Debug|Win32
		{B5BC41CC-E8D6-4DF3-A20F-ADFA2EA562F5}.Debug|Win32.Build.0 = Debug|Win32
		{B5BC41CC-E8D6-4DF3-A20F-ADFA2EA562F5}.Debug|x64.ActiveCfg = Debug|Win32
		{B5BC41CC-E8D6-4DF3-A20F-ADFA2EA562F5}.Release_Unicode|Win32.ActiveCfg = Release|Win32
		{B5BC41CC-E8D6-4DF3-A20F-ADFA2EA562F5}.Release_Unicode|Win32.Build.0 = Release|Win32
		{B5BC41CC-E8D6-4DF3-A20F-ADFA2EA562F5}.Release_Unicode|x64.ActiveCfg = Release|Win32
		{B5BC41CC-E8D6-4DF3-A20F-ADFA2EA562F5}.Release_UnicodeMD|Win32.ActiveCfg = Release|Win32
		{B5BC41CC-E8D6-4DF3-A20F-ADFA2EA562F5}.Release_UnicodeMD|Win32.Build.0 = Release|Win32
		{B5BC41CC-E8D6-4DF3-A20F-ADFA2EA562F5}.Release_UnicodeMD|x64.ActiveCfg = Release|Win32
		{B5BC41CC-E8D6-4DF3-A20F-ADFA2EA562F5}.Release|Win32.ActiveCfg = Release|Win32
		{B5BC41CC-E8D6-4DF3-A20F-ADFA2EA562F5}.Release|Win32.Build.0 = Release|Win32
		{B5BC41CC-E8D6-4DF3-A20F-ADFA2EA562F5}.Release|x64.ActiveCfg = Release|Win32
		{3D955B73-4942-4CE9-81B4-72BA7B017D0B}.Debug_Unicode|Win32.ActiveCfg = Debug|Win32
		{3D955B73-4942-4CE9-81B4-72BA7B017D0B}.Debug_Unicode|Win32.Build.0 = Debug|Win32
		{3D955B73-4942-4CE9-81B4-72BA7B017D0B}.Debug_Unicode|x64.ActiveCfg = Debug|Win32
		{3D955B73-4942-4CE9-81B4-72BA7B017D0B}.Debug_UnicodeMD|Win32.ActiveCfg = Debug|Win32
		{3D955B73-4942-4CE9-81B4-72BA7B017D0B}.Debug_UnicodeMD|Win32.Build.0 = Debug|Win32
		{3D955B73-4942-4CE9-81B4-72BA7B017D0B}.Debug_UnicodeMD|x64.ActiveCfg = Debug|Win32
		{3D955B73-4942-4CE9-81B4-72BA7B017D0B}.Debug|Win32.ActiveCfg = Debug|Win32
		{3D955B73-4942-4CE9-81B4-72BA7B017D0B}.Debug|Win32.Build.0 = Debug|Win32
		{3D955B73-4942-4CE9-81B4-72BA7B017D0B}.Debug|x64.ActiveCfg = Debug|Win32
		{3D955B73-4942-4CE9-81B4-72BA7B017D0B}.Release_Unicode|Win32.ActiveCfg = Release|Win32
		{3D955B73-4942-4CE9-81B4-72BA7B017D0B}.Release_Unicode|Win32.Build.0 = Release|Win32
		{3D955B73-4942-4CE9-81B4-72BA7B017D0B}.Release_Unicode|x64.ActiveCfg = Release|Win32
		{3D955B73-4942-4CE9-81B4-72BA7B017D0B}.Release_UnicodeMD|Win32.ActiveCfg = Release|Win32
		{3D955B73-4942-4CE9-81B4-72BA7B017D0B}.Release_UnicodeMD|Win32.Build.0 = Release|Win32
		{3D955B73-4942-4CE9-81B4-72BA7B017D0B}.Release_UnicodeMD|x64.ActiveCfg = Release|Win32
		{3D955B73-4942-4CE9-81B4-72BA7B017D0B}.Release|Win32.ActiveCfg = Release|Win32
		{3D955B73-4942-4CE9-81B4-72BA7B017D0B}.Release|Win32.Build.0 = Release|Win32
		{3D955B73-4942-4CE9-81B4-72BA7B017D0B}.Release|x64.ActiveCfg = Release|Win32
		{F4D7CF92-56D7-4B61-8EC7-5AA9D79F8B67}.Debug_Unicode|Win32.ActiveCfg = Debug|Win32
		{F4D7CF92-56D7-4B61-8EC7-5AA9D79F8B67}.Debug_Unicode|Win32.Build.0 = Debug|Win32
		{F4D7CF92-56D7-4B61-8EC7-5AA9D79F8B67}.Debug_Unicode|x64.ActiveCfg = Debug|Win32
		{F4D7CF92-56D7-4B61-8EC7-5AA9D79F8B67}.Debug_UnicodeMD|Win32.ActiveCfg = Debug|Win32
		{F4D7CF92-56D7-4B61-8EC7-5AA9D79F8B67}.Debug_UnicodeMD|Win32.Build.0 = Debug|Win32
		{F4D7CF92-56D7-4B61-8EC7-5AA9D79F8B67}.Debug_UnicodeMD|x64.ActiveCfg = Debug|Win32
		{F4D7CF92-56D7-4B61-8EC7-5AA9D79F8B67}.Debug|Win32.ActiveCfg = Debug|Win32
		{F4D7CF92-56D7-4B61-8EC7-5AA9D79F8B67}.Debug|Win32.Build.0 = Debug|Win32
		{F4D7CF92-56D7-4B61-8EC7-5AA9D79F8B67}.Debug|x64.ActiveCfg = Debug|Win32
		{F4D7CF92-56D7-4B61-8EC7-5AA9D79F8B67}.Release_Unicode|Win32.ActiveCfg = Release|Win32
		{F4D7CF92-56D7-4B61-8EC7-5AA9D79F8B67}.Release_Unicode|Win32.Build.0 = Release|Win32
		{F4D7CF92-56D7-4B61-8EC7-5AA9D79F8B67}.Release_Unicode|x64.ActiveCfg = Release|Win32
		{F4D7CF92-56D7-4B61-8EC7-5AA9D79F8B67}.Release_UnicodeMD|Win32.ActiveCfg = Release|Win32
		{F4D7CF92-56D7-4B61-8EC7-5AA9D79F8B67}.Release_UnicodeMD|Win32.Build.0 = Release|Win32
		{F4D7CF92-56D7-4B61-8EC7-5AA9D79F8B67}.Release_UnicodeMD|x64.ActiveCfg = Release|Win32
		{F4D7CF92-56D7-4B61-8EC7-5AA9D79F8B67}.Release|Win32.ActiveCfg = Release|Win32
		{F4D7CF92-56D7-4B61-8EC7-5AA9D79F8B67}.Release|Win32.Build.0 = Release|Win32
		{F4D7CF92-56D7-4B61-8EC7-5AA9D79F8B67}.Release|x64.ActiveCfg = Release|Win32
		{779ADEAE-2FCC-4AA5-975E-F58D53AD0719}.Debug_Unicode|Win32.ActiveCfg = Debug|Win32
		{779ADEAE-2FCC-4AA5-975E-F58D53AD0719}.Debug_Unicode|Win32.Build.0 = Debug|Win32
		{779ADEAE-2FCC-4AA5-975E-F58D53AD0719}.Debug_Unicode|x64.ActiveCfg = Debug|Win32
		{779ADEAE-2FCC-4AA5-975E-F58D53AD0719}.Debug_UnicodeMD|Win32.ActiveCfg = Debug|Win32
		{779ADEAE-2FCC-4AA5-975E-F58D53AD0719}.Debug_UnicodeMD|Win32.Build.0 = Debug|Win32
		{779ADEAE-2FCC-4AA5-975E-F58D53AD0719}.Debug_UnicodeMD|x64.ActiveCfg = Debug|Win32
		{779ADEAE-2FCC-4AA5-975E-F58D53AD0719}.Debug|Win32.ActiveCfg = Debug|Win32
		{779ADEAE-2FCC-4AA5-975E-F58D53AD0719}.Debug|Win32.Build.0 = Debug|Win32
		{779ADEAE-2FCC-4AA5-975E-F58D53AD0719}.Debug|x64.ActiveCfg = Debug|Win32
		{779ADEAE-2FCC-4AA5-975E-F58D53AD0719}.Release_Unicode|Win32.ActiveCfg = Release|Win32
		{779ADEAE-2FCC-4AA5-975E-F58D53AD0719}.Release_Unicode|Win32.Build.0 = Release|Win32
		{779ADEAE-2FCC-4AA5-975E-F58D53AD0719}.Release_Unicode|x64.ActiveCfg = Release|Win32
		{779ADEAE-2FCC-4AA5-975E-F58D53AD0719}.Release_UnicodeMD|Win32.ActiveCfg = Release|Win32
		{779ADEAE-2FCC-4AA5-975E-F58D53AD0719}.Release_UnicodeMD|Win32.Build.0 = Release|Win32
		{779ADEAE-2FCC-4AA5-975E-F58D53AD0719}.Release_UnicodeMD|x64.ActiveCfg = Release|Win32
		{779ADEAE-2FCC-4AA5-975E-F58D53AD0719}.Release|Win32.ActiveCfg = Release|Win32
		{779ADEAE-2FCC-4AA5-975E-F58D53AD0719}.Release|Win32.Build.0 = Release|Win32
		{779ADEAE-2FCC-4AA5-975E-F58D53AD0719}.Release|x64.ActiveCfg = Release|Win32
		{7344F48E-2F41-4704-AA2F-D46592A1C609}.Debug_Unicode|Win32.ActiveCfg = Debug_Unicode|Win32
		{7344F48E-2F41-4704-AA2F-D46592A1C609}.Debug_Unicode|Win32.Build.0 = Debug_Unicode|Win32
		{7344F48E-2F41-4704-AA2F-D46592A1C609}.Debug_Unicode|x64.ActiveCfg = Debug_Unicode|x64
		{7344F48E-2F41-4704-AA2F-D46592A1C609}.Debug_Unicode|x64.Build.0 = Debug_Unicode|x64
		{7344F48E-2F41-4704-AA2F-D46592A1C609}.Debug_UnicodeMD|Win32.ActiveCfg = Debug_UnicodeMD|Win32
		{7344F48E-2F41-4704-AA2F-D46592A1C609}.Debug_UnicodeMD|Win32.Build.0 = Debug_UnicodeMD|Win32
		{7344F48E-2F41-4704-AA2F-D46592A1C609}.Debug_UnicodeMD|x64.ActiveCfg = Debug_UnicodeMD|x64
		{7344F48E-2F41-4704-AA2F-D46592A1C609}.Debug_UnicodeMD|x64.Build.0 = Debug_UnicodeMD|x64
		{7344F48E-2F41-4704-AA2F-D46592A1C609}.Debug|Win32.ActiveCfg = Debug|Win32
		{7344F48E-2F41-4704-AA2F-D46592A1C609}.Debug|Win32.Build.0 = Debug|Win32
		{7344F48E-2F41-4704-AA2F-D46592A1C609}.Debug|x64.ActiveCfg = Debug|x64
		{7344F48E-2F41-4704-AA2F-D46592A1C609}.Debug|x64.Build.0 = Debug|x64
		{7344F48E-2F41-4704-AA2F-D46592A1C609}.Release_Unicode|Win32.ActiveCfg = Release_Unicode|Win32
		{7344F48E-2F41-4704-AA2F-D46592A1C609}.Release_Unicode|Win32.Build.0 = Release_Unicode|Win32
		{7344F48E-2F41-4704-AA2F-D46592A1C609}.Release_Unicode|x64.ActiveCfg = Release_Unicode|x64
		{7344F48E-2F41-4704-AA2F-D46592A1C609}.Release_Unicode|x64.Build.0 = Release_Unicode|x64
		{7344F48E-2F41-4704-AA2F-D46592A1C609}.Release_UnicodeMD|Win32.ActiveCfg = Release_UnicodeMD|Win32
		{7344F48E-2F41-4704-AA2F-D46592A1C609}.Release_UnicodeMD|Win32.Build.0 = Release_UnicodeMD|Win32
		{7344F48E-2F41-4704-AA2F-D46592A1C609}.Release_UnicodeMD|x64.ActiveCfg = Release_UnicodeMD|x64
		{7344F48E-2F41-4704-AA2F-D46592A1C609}.Release_UnicodeMD|x64.Build.0 = Release_UnicodeMD|x64
		{7344F48E-2F41-4704-AA2F-D46592A1C609}.Release|Win32.ActiveCfg = Release|Win32
		{7344F48E-2F41-4704-AA2F-D46592A1C609}.Release|Win32.Build.0 = Release|Win32
		{7344F48E-2F41-4704-AA2F-D46592A1C609}.Release|x64.ActiveCfg = Release|x64
		{7344F48E-2F41-4704-AA2F-D46592A1C609}.Release|x64.Build.0 = Release|x64
		{8FE56F24-D839-4E9C-86C5-614F638DDC64}.Debug_Unicode|Win32.ActiveCfg = Debug_Unicode|Win32
		{8FE56F24-D839-4E9C-86C5-614F638DDC64}.Debug_Unicode|Win32.Build.0 = Debug_Unicode|Win32
		{8FE56F24-D839-4E9C-86C5-614F638DDC64}.Debug_Unicode|x64.ActiveCfg = Debug_Unicode|x64
		{8FE56F24-D839-4E9C-86C5-614F638DDC64}.Debug_Unicode|x64.Build.0 = Debug_Unicode|x64
		{8FE56F24-D839-4E9C-86C5-614F638DDC64}.Debug_UnicodeMD|Win32.ActiveCfg = Debug_UnicodeMD|Win32
		{8FE56F24-D839-4E9C-86C5-614F638DDC64}.Debug_UnicodeMD|Win32.Build.0 = Debug_UnicodeMD|Win32
		{8FE56F24-D839-4E9C-86C5-614F638DDC64}.Debug_UnicodeMD|x64.ActiveCfg = Debug_UnicodeMD|x64
		{8FE56F24-D839-4E9C-86C5-614F638DDC64}.Debug_UnicodeMD|x64.Build.0 = Debug_UnicodeMD|x64
		{8FE56F24-D839-4E9C-86C5-614F638DDC64}.Debug|Win32.ActiveCfg = Debug|Win32
		{8FE56F24-D839-4E9C-86C5-614F638DDC64}.Debug|Win32.Build.0 = Debug|Win32
		{8FE56F24-D839-4E9C-86C5-614F638DDC64}.Debug|x64.ActiveCfg = Debug|x64
		{8FE56F24-D839-4E9C-86C5-614F638DDC64}.Debug|x64.Build.0 = Debug|x64
		{8FE56F24-D839-4E9C-86C5-614F638DDC64}.Release_Unicode|Win32.ActiveCfg = Release_Unicode|Win32
		{8FE56F24-D839-4E9C-86C5-614F638DDC64}.Release_Unicode|Win32.Build.0 = Release_Unicode|Win32
		{8FE56F24-D839-4E9C-86C5-614F638DDC64}.Release_Unicode|x64.ActiveCfg = Release_Unicode|x64
		{8FE56F24-D839-4E9C-86C5-614F638DDC64}.Release_Unicode|x64.Build.0 = Release_Unicode|x64
		{8FE56F24-D839-4E9C-86C5-614F638DDC64}.Release_UnicodeMD|Win32.ActiveCfg = Release_UnicodeMD|Win32
		{8FE56F24-D839-4E9C-86C5-614F638DDC64}.Release_UnicodeMD|Win32.Build.0 = Release_UnicodeMD|Win32
		{8FE56F24-D839-4E9C-86C5-614F638DDC64}.Release_UnicodeMD|x64.ActiveCfg = Release_UnicodeMD|x64
		{8FE56F24-D839-4E9C-86C5-614F638DDC64}.Release_UnicodeMD|x64.Build.0 = Release_UnicodeMD|x64
		{8FE56F24-D839-4E9C-86C5-614F638DDC64}.Release|Win32.ActiveCfg = Release|Win32
		{8FE56F24-D839-4E9C-86C5-614F638DDC64}.Release|Win32.Build.0 = Release|Win32
		{8FE56F24-D839-4E9C-86C5-614F638DDC64}.Release|x64.ActiveCfg = Release|x64
		{8FE56F24-D839-4E9C-86C5-614F638DDC64}.Release|x64.Build.0 = Release|x64
		{42E00DA2-EDE6-41B2-8029-3527D43AF340}.Debug_Unicode|Win32.ActiveCfg = Debug_Unicode|Win32
		{42E00DA2-EDE6-41B2-8029-3527D43AF340}.Debug_Unicode|Win32.Build.0 = Debug_Unicode|Win32
		{42E00DA2-EDE6-41B2-8029-3527D43AF340}.Debug_Unicode|x64.ActiveCfg = Debug_Unicode|x64
		{42E00DA2-EDE6-41B2-8029-3527D43AF340}.Debug_Unicode|x64.Build.0 = Debug_Unicode|x64
		{42E00DA2-EDE6-41B2-8029-3527D43AF340}.Debug_UnicodeMD|Win32.ActiveCfg = Debug_UnicodeMD|Win32
		{42E00DA2-EDE6-41B2-8029-3527D43AF340}.Debug_UnicodeMD|Win32.Build.0 = Debug_UnicodeMD|Win32
		{42E00DA2-EDE6-41B2-8029-3527D43AF340}.Debug_UnicodeMD|x64.ActiveCfg = Debug_UnicodeMD|x64
		{42E00DA2-EDE6-41B2-8029-3527D43AF340}.Debug_UnicodeMD|x64.Build.0 = Debug_UnicodeMD|x64
		{42E00DA2-EDE6-41B2-8029-3527D43AF340}.Debug|Win32.ActiveCfg = Debug|Win32
		{42E00DA2-EDE6-41B2-8029-3527D43AF340}.Debug|Win32.Build.0 = Debug|Win32
		{42E00DA2-EDE6-41B2-8029-3527D43AF340}.Debug|x64.ActiveCfg = Debug|x64
		{42E00DA2-EDE6-41B2-8029-3527D43AF340}.Debug|x64.Build.0 = Debug|x64
		{42E00DA2-EDE6-41B2-8029-3527D43AF340}.Release_Unicode|Win32.ActiveCfg = Release_Unicode|Win32
		{42E00DA2-EDE6-41B2-8029-3527D43AF340}.Release_Unicode|Win32.Build.0 = Release_Unicode|Win32
		{42E00DA2-EDE6-41B2-8029-3527D43AF340}.Release_Unicode|x64.ActiveCfg = Release_Unicode|x64
		{42E00DA2-EDE6-41B2-8029-3527D43AF340}.Release_Unicode|x64.Build.0 = Release_Unicode|x64
		{42E00DA2-EDE6-41B2-8029-3527D43AF340}.Release_UnicodeMD|Win32.ActiveCfg = Release_UnicodeMD|Win32
		{42E00DA2-EDE6-41B2-8029-3527D43AF340}.Release_UnicodeMD|Win32.Build.0 = Release_UnicodeMD|Win32
		{42E00DA2-EDE6-41B2-8029-3527D43AF340}.Release_UnicodeMD|x64.ActiveCfg = Release_UnicodeMD|x64
		{42E00DA2-EDE6-41B2-8029-3527D43AF340}.Release_UnicodeMD|x64.Build.0 = Release_UnicodeMD|x64
		{42E00DA2-EDE6-41B2-8029-3527D43AF340}.Release|Win32.ActiveCfg = Release|Win32
		{42E00DA2-EDE6-41B2-8029-3527D43AF340}.Release|Win32.Build.0 = Release|Win32
		{42E00DA2-EDE6-41B2-8029-3527D43AF340}.Release|x64.ActiveCfg = Release|x64
		{42E00DA2-EDE6-41B2-8029-3527D43AF340}.Release|x64.Build.0 = Release|x64
		{1C0F9A7F-205C-4C67-838D-96AC2720C348}.Debug_Unicode|Win32.ActiveCfg = Debug_Unicode|Win32
		{1C0F9A7F-205C-4C67-838D-96AC2720C348}.Debug_Unicode|Win32.Build.0 = Debug_Unicode|Win32
		{1C0F9A7F-205C-4C67-838D-96AC2720C348}.Debug_Unicode|x64.ActiveCfg = Debug_Unicode|x64
		{1C0F9A7F-205C-4C67-838D-96AC2720C348}.Debug_Unicode|x64.Build.0 = Debug_Unicode|x64
		{1C0F9A7F-205C-4C67-838D-96AC2720C348}.Debug_UnicodeMD|Win32.ActiveCfg = Debug_UnicodeMD|Win32
		{1C0F9A7F-205C-4C67-838D-96AC2720C348}.Debug_UnicodeMD|Win32.Build.0 = Debug_UnicodeMD|Win32
		{1C0F9A7F-205C-4C67-838D-96AC2720C348}.Debug_UnicodeMD|x64.ActiveCfg = Debug_UnicodeMD|x64
		{1C0F9A7F-205C-4C67-838D-96AC2720C348}.Debug_UnicodeMD|x64.Build.0 = Debug_UnicodeMD|x64
		{1C0F9A7F-205C-4C67-838D-96AC2720C348}.Debug|Win32.ActiveCfg = Debug|Win32
		{1C0F9A7F-205C-4C67-838D-96AC2720C348}.Debug|Win32.Build.0 = Debug|Win32
		{1C0F9A7F-205C-4C67-838D-96AC2720C348}.Debug|x64.ActiveCfg = Debug|x64
		{1C0F9A7F-205C-4C67-838D-96AC2720C348}.Debug|x64.Build.0 = Debug|x64
		{1C0F9A7F-205C-4C67-838D-96AC2720C348}.Release_Unicode|Win32.ActiveCfg = Release_Unicode|Win32
		{1C0F9A7F-205C-4C67-838D-96AC2720C348}.Release_Unicode|Win32.Build.0 = Release_Unicode|Win32
		{1C0F9A7F-205C-4C67-838D-96AC2720C348}.Release_Unicode|x64.ActiveCfg = Release_Unicode|x64
		{1C0F9A7F-205C-4C67-838D-96AC2720C348}.Release_Unicode|x64.Build.0 = Release_Unicode|x64
		{1C0F9A7F-205C-4C67-838D-96AC2720C348}.Release_UnicodeMD|Win32.ActiveCfg = Release_UnicodeMD|Win32
		{1C0F9A7F-205C-4C67-838D-96AC2720C348}.Release_UnicodeMD|Win32.Build.0 = Release_UnicodeMD|Win32
		{1C0F9A7F-205C-4C67-838D-96AC2720C348}.Release_UnicodeMD|x64.ActiveCfg = Release_UnicodeMD|x64
		{1C0F9A7F-205C-4C67-838D-96AC2720C348}.Release_UnicodeMD|x64.Build.0 = Release_UnicodeMD|x64
		{1C0F9A7F-205C-4C67-838D-96AC2720C348}.Release|Win32.ActiveCfg = Release|Win32
		{1C0F9A7F-205C-4C67-838D-96AC2720C348}.Release|Win32.Build.0 = Release|Win32
		{1C0F9A7F-205C-4C67-838D-96AC2720C348}.Release|x64.ActiveCfg = Release|x64
		{1C0F9A7F-205C-4C67-838D-96AC2720C348}.Release|x64.Build.0 = Release|x64
		{106E5DD0-679F-4A27-B706-E984A95E686C}.Debug_Unicode|Win32.ActiveCfg = Debug_Unicode|Win32
		{106E5DD0-679F-4A27-B706-E984A95E686C}.Debug_Unicode|Win32.Build.0 = Debug_Unicode|Win32
		{106E5DD0-679F-4A27-B706-E984A95E686C}.Debug_Unicode|x64.ActiveCfg = Debug_Unicode|x64
		{106E5DD0-679F-4A27-B706-E984A95E686C}.Debug_Unicode|x64.Build.0 = Debug_Unicode|x64
		{106E5DD0-679F-4A27-B706-E984A95E686C}.Debug_UnicodeMD|Win32.ActiveCfg = Debug_UnicodeMD|Win32
		{106E5DD0-679F-4A27-B706-E984A95E686C}.Debug_UnicodeMD|Win32.Build.0 = Debug_UnicodeMD|Win32
		{106E5DD0-679F-4A27-B706-E984A95E686C}.Debug_UnicodeMD|x64.ActiveCfg = Debug_UnicodeMD|x64
		{106E5DD0-679F-4A27-B706-E984A95E686C}.Debug_UnicodeMD|x64.Build.0 = Debug_UnicodeMD|x64
		{106E5DD0-679F-4A27-B706-E984A95E686C}.Debug|Win32.ActiveCfg = Debug|Win32
		{106E5DD0-679F-4A27-B706-E984A95E686C}.Debug|Win32.Build.0 = Debug|Win32
		{106E5DD0-679F-4A27-B706-E984A95E686C}.Debug|x64.ActiveCfg = Debug|x64
		{106E5DD0-679F-4A27-B706-E984A95E686C}.Debug|x64.Build.0 = Debug|x64
		{106E5DD0-679F-4A27-B706-E984A95E686C}.Release_Unicode|Win32.ActiveCfg = Release_Unicode|Win32
		{106E5DD0-679F-4A27-B706-E984A95E686C}.Release_Unicode|Win32.Build.0 = Release_Unicode|Win32
		{106E5DD0-679F-4A27-B706-E984A95E686C}.Release_Unicode|x64.ActiveCfg = Release_Unicode|x64
		{106E5DD0-679F-4A27-B706-E984A95E686C}.Release_Unicode|x64.Build.0 = Release_Unicode|x64
		{106E5DD0-679F-4A27-B706-E984A95E686C}.Release_UnicodeMD|Win32.ActiveCfg = Release_UnicodeMD|Win32
		{106E5DD0-679F-4A27-B706-E984A95E686C}.Release_UnicodeMD|Win32.Build.0 = Release_UnicodeMD|Win32
		{106E5DD0-679F-4A27-B706-E984A95E686C}.Release_UnicodeMD|x64.ActiveCfg = Release_UnicodeMD|x64
		{106E5DD0-679F-4A27-B706-E984A95E686C}.Release_UnicodeMD|x64.Build.0 = Release_UnicodeMD|x64
		{106E5DD0-679F-4A27-B706-E984A95E686C}.Release|Win32.ActiveCfg = Release|Win32
		{106E5DD0-679F-4A27-B706-E984A95E686C}.Release|Win32.Build.0 = Release|Win32
		{106E5DD0-679F-4A27-B706-E984A95E686C}.Release|x64.ActiveCfg = Release|x64
		{106E5DD0-679F-4A27-B706-E984A95E686C}.Release|x64.Build.0 = Release|x64
		{1B275F02-CDE3-416B-B0AF-4AC570965CB9}.Debug_Unicode|Win32.ActiveCfg = Debug_Unicode|Win32
		{1B275F02-CDE3-416B-B0AF-4AC570965CB9}.Debug_Unicode|Win32.Build.0 = Debug_Unicode|Win32
		{1B275F02-CDE3-416B-B0AF-4AC570965CB9}.Debug_Unicode|x64.ActiveCfg = Debug_Unicode|x64
		{1B275F02-CDE3-416B-B0AF-4AC570965CB9}.Debug_Unicode|x64.Build.0 = Debug_Unicode|x64
		{1B275F02-CDE3-416B-B0AF-4AC570965CB9}.Debug_UnicodeMD|Win32.ActiveCfg = Debug_UnicodeMD|Win32
		{1B275F02-CDE3-416B-B0AF-4AC570965CB9}.Debug_UnicodeMD|Win32.Build.0 = Debug_UnicodeMD|Win32
		{1B275F02-CDE3-416B-B0AF-4AC570965CB9}.Debug_UnicodeMD|x64.ActiveCfg = Debug_UnicodeMD|x64
		{1B275F02-CDE3-416B-B0AF-4AC570965CB9}.Debug_UnicodeMD|x64.Build.0 = Debug_UnicodeMD|x64
		{1B275F02-CDE3-416B-B0AF-4AC570965CB9}.Debug|Win32.ActiveCfg = Debug|Win32
		{1B275F02-CDE3-416B-B0AF-4AC570965CB9}.Debug|Win32.Build.0 = Debug|Win32
		{1B275F02-CDE3-416B-B0AF-4AC570965CB9}.Debug|x64.ActiveCfg = Debug|x64
		{1B275F02-CDE3-416B-B0AF-4AC570965CB9}.Debug|x64.Build.0 = Debug|x64
		{1B275F02-CDE3-416B-B0AF-4AC570965CB9}.Release_Unicode|Win32.ActiveCfg = Release_Unicode|Win32
		{1B275F02-CDE3-416B-B0AF-4AC570965CB9}.Release_Unicode|Win32.Build.0 = Release_Unicode|Win32
		{1B275F02-CDE3-416B-B0AF-4AC570965CB9}.Release_Unicode|x64.ActiveCfg = Release_Unicode|x64
		{1B275F02-CDE3-416B-B0AF-4AC570965CB9}.Release_Unicode|x64.Build.0 = Release_Unicode|x64
		{1B275F02-CDE3-416B-B0AF-4AC570965CB9}.Release_UnicodeMD|Win32.ActiveCfg = Release_UnicodeMD|Win32
		{1B275F02-CDE3-416B-B0AF-4AC570965CB9}.Release_UnicodeMD|Win32.Build.0 = Release_UnicodeMD|Win32
		{1B275F02-CDE3-416B-B0AF-4AC570965CB9}.Release_UnicodeMD|x64.ActiveCfg = Release_UnicodeMD|x64
		{1B275F02-CDE3-416B-B0AF-4AC570965CB9}.Release_UnicodeMD|x64.Build.0 = Release_UnicodeMD|x64
		{1B275F02-CDE3-416B-B0AF-4AC570965CB9}.Release|Win32.ActiveCfg = Release|Win32
		{1B275F02-CDE3-416B-B0AF-4AC570965CB9}.Release|Win32.Build.0 = Release|Win32
		{1B275F02-CDE3-416B-B0AF-4AC570965CB9}.Release|x64.ActiveCfg = Release|x64
		{1B275F02-CDE3-416B-B0AF-4AC570965CB9}.Release|x64.Build.0 = Release|x64
		{BE245E73-FE0F-4C82-B696-0D6104AA7193}.Debug_Unicode|Win32.ActiveCfg = Debug_Unicode|Win32
		{BE245E73-FE0F-4C82-B696-0D6104AA7193}.Debug_Unicode|Win32.Build.0 = Debug_Unicode|Win32
		{BE245E73-FE0F-4C82-B696-0D6104AA7193}.Debug_Unicode|x64.ActiveCfg = Debug_Unicode|x64
		{BE245E73-FE0F-4C82-B696-0D6104AA7193}.Debug_Unicode|x64.Build.0 = Debug_Unicode|x64
		{BE245E73-FE0F-4C82-B696-0D6104AA7193}.Debug_UnicodeMD|Win32.ActiveCfg = Debug_UnicodeMD|Win32
		{BE245E73-FE0F-4C82-B696-0D6104AA7193}.Debug_UnicodeMD|Win32.Build.0 = Debug_UnicodeMD|Win32
		{BE245E73-FE0F-4C82-B696-0D6104AA7193}.Debug_UnicodeMD|x64.ActiveCfg = Debug_UnicodeMD|x64
		{BE245E73-FE0F-4C82-B696-0D6104AA7193}.Debug_UnicodeMD|x64.Build.0 = Debug_UnicodeMD|x64
		{BE245E73-FE0F-4C82-B696-0D6104AA7193}.Debug|Win32.ActiveCfg = Debug|Win32
		{BE245E73-FE0F-4C82-B696-0D6104AA7193}.Debug|Win32.Build.0 = Debug|Win32
		{BE245E73-FE0F-4C82-B696-0D6104AA7193}.Debug|x64.ActiveCfg = Debug|x64
		{BE245E73-FE0F-4C82-B696-0D6104AA7193}.Debug|x64.Build.0 = Debug|x64
		{BE245E73-FE0F-4C82-B696-0D6104AA7193}.Release_Unicode|Win32.ActiveCfg = release_unicode|Win32
		{BE245E73-FE0F-4C82-B696-0D6104AA7193}.Release_Unicode|Win32.Build.0 = release_unicode|Win32
		{BE245E73-FE0F-4C82-B696-0D6104AA7193}.Release_Unicode|x64.ActiveCfg = release_unicode|x64
		{BE245E73-FE0F-4C82-B696-0D6104AA7193}.Release_Unicode|x64.Build.0 = release_unicode|x64
		{BE245E73-FE0F-4C82-B696-0D6104AA7193}.Release_UnicodeMD|Win32.ActiveCfg = Release_UnicodeMD|Win32
		{BE245E73-FE0F-4C82-B696-0D6104AA7193}.Release_UnicodeMD|Win32.Build.0 = Release_UnicodeMD|Win32
		{BE245E73-FE0F-4C82-B696-0D6104AA7193}.Release_UnicodeMD|x64.ActiveCfg = Release_UnicodeMD|x64
		{BE245E73-FE0F-4C82-B696-0D6104AA7193}.Release_UnicodeMD|x64.Build.0 = Release_UnicodeMD|x64
		{BE245E73-FE0F-4C82-B696-0D6104AA7193}.Release|Win32.ActiveCfg = Release|Win32
		{BE245E73-FE0F-4C82-B696-0D6104AA7193}.Release|Win32.Build.0 = Release|Win32
		{BE245E73-FE0F-4C82-B696-0D6104AA7193}.Release|x64.ActiveCfg = Release|x64
		{BE245E73-FE0F-4C82-B696-0D6104AA7193}.Release|x64.Build.0 = Release|x64
		{D52322D7-0032-76D0-C104-C8EE1195CD4C}.Debug_Unicode|Win32.ActiveCfg = Debug|Win32
		{D52322D7-0032-76D0-C104-C8EE1195CD4C}.Debug_Unicode|Win32.Build.0 = Debug|Win32
		{D52322D7-0032-76D0-C104-C8EE1195CD4C}.Debug_Unicode|x64.ActiveCfg = Debug|Win32
		{D52322D7-0032-76D0-C104-C8EE1195CD4C}.Debug_UnicodeMD|Win32.ActiveCfg = Debug|Win32
		{D52322D7-0032-76D0-C104-C8EE1195CD4C}.Debug_UnicodeMD|Win32.Build.0 = Debug|Win32
		{D52322D7-0032-76D0-C104-C8EE1195CD4C}.Debug_UnicodeMD|x64.ActiveCfg = Debug|Win32
		{D52322D7-0032-76D0-C104-C8EE1195CD4C}.Debug|Win32.ActiveCfg = Debug|Win32
		{D52322D7-0032-76D0-C104-C8EE1195CD4C}.Debug|Win32.Build.0 = Debug|Win32
		{D52322D7-0032-76D0-C104-C8EE1195CD4C}.Debug|x64.ActiveCfg = Debug|Win32
		{D52322D7-0032-76D0-C104-C8EE1195CD4C}.Release_Unicode|Win32.ActiveCfg = Release|Win32
		{D52322D7-0032-76D0-C104-C8EE1195CD4C}.Release_Unicode|Win32.Build.0 = Release|Win32
		{D52322D7-0032-76D0-C104-C8EE1195CD4C}.Release_Unicode|x64.ActiveCfg = Release|Win32
		{D52322D7-0032-76D0-C104-C8EE1195CD4C}.Release_UnicodeMD|Win32.ActiveCfg = Release|Win32
		{D52322D7-0032-76D0-C104-C8EE1195CD4C}.Release_UnicodeMD|Win32.Build.0 = Release|Win32
		{D52322D7-0032-76D0-C104-C8EE1195CD4C}.Release_UnicodeMD|x64.ActiveCfg = Release|Win32
		{D52322D7-0032-76D0-C104-C8EE1195CD4C}.Release|Win32.ActiveCfg = Release|Win32
		{D52322D7-0032-76D0-C104-C8EE1195CD4C}.Release|Win32.Build.0 = Release|Win32
		{D52322D7-0032-76D0-C104-C8EE1195CD4C}.Release|x64.ActiveCfg = Release|Win32
	EndGlobalSection
	GlobalSection(SolutionProperties) = preSolution
		HideSolutionNode = FALSE
	EndGlobalSection
	GlobalSection(NestedProjects) = preSolution
		{E03D6459-CE00-4C35-AFB2-2134A9BF6ACE} = {252F8A99-93C0-4065-ACAD-BEBF25FC498C}
		{CE3AB076-C3AA-4A2A-A510-2CB9E1C9A27D} = {252F8A99-93C0-4065-ACAD-BEBF25FC498C}
		{44DA734E-A39D-4BE6-9D40-0E2B5F8B6075} = {252F8A99-93C0-4065-ACAD-BEBF25FC498C}
		{6831FFE6-FDA2-44E1-BAAE-9721DAB38401} = {252F8A99-93C0-4065-ACAD-BEBF25FC498C}
		{7344F48E-2F41-4704-AA2F-D46592A1C609} = {252F8A99-93C0-4065-ACAD-BEBF25FC498C}
		{1B275F02-CDE3-416B-B0AF-4AC570965CB9} = {252F8A99-93C0-4065-ACAD-BEBF25FC498C}
		{9665918B-39B0-4D48-B39A-4EF1D52FDE9D} = {069127BA-D65F-42CA-B0EB-2DC90A0546D8}
		{B5BC41CC-E8D6-4DF3-A20F-ADFA2EA562F5} = {069127BA-D65F-42CA-B0EB-2DC90A0546D8}
		{3D955B73-4942-4CE9-81B4-72BA7B017D0B} = {069127BA-D65F-42CA-B0EB-2DC90A0546D8}
		{F4D7CF92-56D7-4B61-8EC7-5AA9D79F8B67} = {069127BA-D65F-42CA-B0EB-2DC90A0546D8}
		{779ADEAE-2FCC-4AA5-975E-F58D53AD0719} = {069127BA-D65F-42CA-B0EB-2DC90A0546D8}
		{D52322D7-0032-76D0-C104-C8EE1195CD4C} = {069127BA-D65F-42CA-B0EB-2DC90A0546D8}
		{8FE56F24-D839-4E9C-86C5-614F638DDC64} = {E2805711-EACB-42EF-A7A9-DEB74D908D32}
		{42E00DA2-EDE6-41B2-8029-3527D43AF340} = {E2805711-EACB-42EF-A7A9-DEB74D908D32}
		{1C0F9A7F-205C-4C67-838D-96AC2720C348} = {E2805711-EACB-42EF-A7A9-DEB74D908D32}
		{106E5DD0-679F-4A27-B706-E984A95E686C} = {E2805711-EACB-42EF-A7A9-DEB74D908D32}
		{BE245E73-FE0F-4C82-B696-0D6104AA7193} = {E2805711-EACB-42EF-A7A9-DEB74D908D32}
	EndGlobalSection
EndGlobal
