<?xml version="1.0" encoding="utf-8"?>
<Project ToolsVersion="4.0" xmlns="http://schemas.microsoft.com/developer/msbuild/2003">
  <ItemGroup>
    <ClInclude Include="server.h" />
    <ClInclude Include="tool\filetool.h">
      <Filter>tool</Filter>
    </ClInclude>
    <ClInclude Include="def\type.h">
      <Filter>def</Filter>
    </ClInclude>
    <ClInclude Include="net\netaddress.h">
      <Filter>net</Filter>
    </ClInclude>
    <ClInclude Include="tool\endiantool.h">
      <Filter>tool</Filter>
    </ClInclude>
    <ClInclude Include="def\platform.h">
      <Filter>def</Filter>
    </ClInclude>
    <ClInclude Include="tool\sockettool.h">
      <Filter>tool</Filter>
    </ClInclude>
    <ClInclude Include="net\listener.h">
      <Filter>net</Filter>
    </ClInclude>
    <ClInclude Include="basic\taskqueue.h">
      <Filter>basic</Filter>
    </ClInclude>
    <ClInclude Include="basic\singleton.h">
      <Filter>basic</Filter>
    </ClInclude>
    <ClInclude Include="basic\thread.h">
      <Filter>basic</Filter>
    </ClInclude>
    <ClInclude Include="basic\lock.h">
      <Filter>basic</Filter>
    </ClInclude>
    <ClInclude Include="net\link.h">
      <Filter>net</Filter>
    </ClInclude>
    <ClInclude Include="tool\timetool.h">
      <Filter>tool</Filter>
    </ClInclude>
    <ClInclude Include="basic\timerqueue.h">
      <Filter>basic</Filter>
    </ClInclude>
    <ClInclude Include="basic\buffer.h">
      <Filter>basic</Filter>
    </ClInclude>
    <ClInclude Include="stdafx.h" />
    <ClInclude Include="net\connector.h">
      <Filter>net</Filter>
    </ClInclude>
    <ClInclude Include="tool\timertool.h">
      <Filter>tool</Filter>
    </ClInclude>
    <ClInclude Include="net\msgdispatcher.h">
      <Filter>net</Filter>
    </ClInclude>
    <ClInclude Include="protocol\protocol.h">
      <Filter>protocol</Filter>
    </ClInclude>
    <ClInclude Include="..\protocol\net.pb.h">
      <Filter>protocol</Filter>
    </ClInclude>
    <ClInclude Include="protocol\message.h">
      <Filter>protocol</Filter>
    </ClInclude>
    <ClInclude Include="net\serverlink.h">
      <Filter>net</Filter>
    </ClInclude>
    <ClInclude Include="tool\servertool.h">
      <Filter>tool</Filter>
    </ClInclude>
    <ClInclude Include="..\protocol\protocol.pb.h">
      <Filter>protocol</Filter>
    </ClInclude>
    <ClInclude Include="tool\encrypttool.h">
      <Filter>tool</Filter>
    </ClInclude>
    <ClInclude Include="tool\randtool.h">
      <Filter>tool</Filter>
    </ClInclude>
    <ClInclude Include="protocol\netmsghandler.h">
      <Filter>protocol</Filter>
    </ClInclude>
    <ClInclude Include="db\dbfactory.h">
      <Filter>db</Filter>
    </ClInclude>
    <ClInclude Include="db\db.h">
      <Filter>db</Filter>
    </ClInclude>
    <ClInclude Include="db\dbsession.h">
      <Filter>db</Filter>
    </ClInclude>
    <ClInclude Include="db\dbconnection.h">
      <Filter>db</Filter>
    </ClInclude>
    <ClInclude Include="db\dbrecordset.h">
      <Filter>db</Filter>
    </ClInclude>
    <ClInclude Include="db\dbcommand.h">
      <Filter>db</Filter>
    </ClInclude>
    <ClInclude Include="tool\atomictool.h">
      <Filter>tool</Filter>
    </ClInclude>
    <ClInclude Include="tool\ticktool.h">
      <Filter>tool</Filter>
    </ClInclude>
    <ClInclude Include="basic\objectpool.h">
      <Filter>basic</Filter>
    </ClInclude>
    <ClInclude Include="tool\echotool.h">
      <Filter>tool</Filter>
    </ClInclude>
    <ClInclude Include="basic\bind.h">
      <Filter>basic</Filter>
    </ClInclude>
    <ClInclude Include="basic\base64.h">
      <Filter>basic</Filter>
    </ClInclude>
    <ClInclude Include="basic\rsa.h">
      <Filter>basic</Filter>
    </ClInclude>
    <ClInclude Include="http\httpmgr.h">
      <Filter>http</Filter>
    </ClInclude>
    <ClInclude Include="http\httpcmd.h">
      <Filter>http</Filter>
    </ClInclude>
    <ClInclude Include="basic\evbuffer.h">
      <Filter>basic</Filter>
    </ClInclude>
    <ClInclude Include="basic\evbuffer-internal.h">
      <Filter>basic</Filter>
    </ClInclude>
    <ClInclude Include="basic\event_struct.h">
      <Filter>basic</Filter>
    </ClInclude>
    <ClInclude Include="basic\event-config.h">
      <Filter>basic</Filter>
    </ClInclude>
    <ClInclude Include="basic\evthread.h">
      <Filter>basic</Filter>
    </ClInclude>
    <ClInclude Include="basic\evthread-internal.h">
      <Filter>basic</Filter>
    </ClInclude>
    <ClInclude Include="tool\strtool.h">
      <Filter>tool</Filter>
    </ClInclude>
    <ClInclude Include="def\global.h">
      <Filter>def</Filter>
    </ClInclude>
    <ClInclude Include="net\netmodel.h">
      <Filter>net</Filter>
    </ClInclude>
    <ClInclude Include="net\net.h">
      <Filter>net</Filter>
    </ClInclude>
    <ClInclude Include="net\netdefine.h">
      <Filter>net</Filter>
    </ClInclude>
    <ClInclude Include="basic\log.h">
      <Filter>basic</Filter>
    </ClInclude>
    <ClInclude Include="tool\aho_corasick.hpp">
      <Filter>tool</Filter>
    </ClInclude>
    <ClInclude Include="tool\actool.h">
      <Filter>tool</Filter>
    </ClInclude>
    <ClInclude Include="tool\utiltool.h">
      <Filter>tool</Filter>
    </ClInclude>
    <ClInclude Include="protocol\MsgDefine.h">
      <Filter>protocol</Filter>
    </ClInclude>
    <ClInclude Include="logic\VarList.h">
      <Filter>logic</Filter>
    </ClInclude>
    <ClInclude Include="logic\IModule.h">
      <Filter>logic</Filter>
    </ClInclude>
    <ClInclude Include="logic\ComponentModule.h">
      <Filter>logic</Filter>
    </ClInclude>
  </ItemGroup>
  <ItemGroup>
    <Filter Include="tool">
      <UniqueIdentifier>{5db7ebd0-7f5e-4c97-84a2-f3e86a4d5091}</UniqueIdentifier>
    </Filter>
    <Filter Include="net">
      <UniqueIdentifier>{a0ef870b-9955-45eb-afd7-a401bed953d6}</UniqueIdentifier>
    </Filter>
    <Filter Include="def">
      <UniqueIdentifier>{ad1a6770-b64a-4193-8d18-546344da1f6c}</UniqueIdentifier>
    </Filter>
    <Filter Include="basic">
      <UniqueIdentifier>{9191102b-5521-42b6-92e3-0ef5d6090a03}</UniqueIdentifier>
    </Filter>
    <Filter Include="protocol">
      <UniqueIdentifier>{eb5753f9-d0ff-4471-ad75-3943fe08baea}</UniqueIdentifier>
    </Filter>
    <Filter Include="db">
      <UniqueIdentifier>{ba04841f-4721-42b0-a8e3-6d1567ddd729}</UniqueIdentifier>
    </Filter>
    <Filter Include="http">
      <UniqueIdentifier>{5ab3f19e-c72d-4e06-85d7-f7bf46f7bbeb}</UniqueIdentifier>
    </Filter>
    <Filter Include="logic">
      <UniqueIdentifier>{8f6041b1-b745-4a60-a3ef-46e4e4d947d4}</UniqueIdentifier>
    </Filter>
  </ItemGroup>
  <ItemGroup>
    <ClCompile Include="server.cpp" />
    <ClCompile Include="tool\filetool.cpp">
      <Filter>tool</Filter>
    </ClCompile>
    <ClCompile Include="net\netaddress.cpp">
      <Filter>net</Filter>
    </ClCompile>
    <ClCompile Include="tool\endiantool.cpp">
      <Filter>tool</Filter>
    </ClCompile>
    <ClCompile Include="tool\sockettool.cpp">
      <Filter>tool</Filter>
    </ClCompile>
    <ClCompile Include="net\listener.cpp">
      <Filter>net</Filter>
    </ClCompile>
    <ClCompile Include="basic\thread.cpp">
      <Filter>basic</Filter>
    </ClCompile>
    <ClCompile Include="basic\lock.cpp">
      <Filter>basic</Filter>
    </ClCompile>
    <ClCompile Include="net\link.cpp">
      <Filter>net</Filter>
    </ClCompile>
    <ClCompile Include="tool\timetool.cpp">
      <Filter>tool</Filter>
    </ClCompile>
    <ClCompile Include="basic\timerqueue.cpp">
      <Filter>basic</Filter>
    </ClCompile>
    <ClCompile Include="basic\buffer.cpp">
      <Filter>basic</Filter>
    </ClCompile>
    <ClCompile Include="stdafx.cpp" />
    <ClCompile Include="net\connector.cpp">
      <Filter>net</Filter>
    </ClCompile>
    <ClCompile Include="tool\timertool.cpp">
      <Filter>tool</Filter>
    </ClCompile>
    <ClCompile Include="..\protocol\net.pb.cc">
      <Filter>protocol</Filter>
    </ClCompile>
    <ClCompile Include="net\serverlink.cpp">
      <Filter>net</Filter>
    </ClCompile>
    <ClCompile Include="protocol\message.cpp">
      <Filter>protocol</Filter>
    </ClCompile>
    <ClCompile Include="tool\servertool.cpp">
      <Filter>tool</Filter>
    </ClCompile>
    <ClCompile Include="..\protocol\protocol.pb.cc">
      <Filter>protocol</Filter>
    </ClCompile>
    <ClCompile Include="tool\randtool.cpp">
      <Filter>tool</Filter>
    </ClCompile>
    <ClCompile Include="tool\encrypttool.cpp">
      <Filter>tool</Filter>
    </ClCompile>
    <ClCompile Include="db\dbfactory.cpp">
      <Filter>db</Filter>
    </ClCompile>
    <ClCompile Include="db\dbsession.cpp">
      <Filter>db</Filter>
    </ClCompile>
    <ClCompile Include="db\dbconnection.cpp">
      <Filter>db</Filter>
    </ClCompile>
    <ClCompile Include="db\dbrecordset.cpp">
      <Filter>db</Filter>
    </ClCompile>
    <ClCompile Include="tool\atomictool.cpp">
      <Filter>tool</Filter>
    </ClCompile>
    <ClCompile Include="tool\ticktool.cpp">
      <Filter>tool</Filter>
    </ClCompile>
    <ClCompile Include="tool\echotool.cpp">
      <Filter>tool</Filter>
    </ClCompile>
    <ClCompile Include="basic\base64.cpp">
      <Filter>basic</Filter>
    </ClCompile>
    <ClCompile Include="basic\rsa.cpp">
      <Filter>basic</Filter>
    </ClCompile>
    <ClCompile Include="http\httpmgr.cpp">
      <Filter>http</Filter>
    </ClCompile>
    <ClCompile Include="http\httpcmd.cpp">
      <Filter>http</Filter>
    </ClCompile>
    <ClCompile Include="basic\evbuffer.cpp">
      <Filter>basic</Filter>
    </ClCompile>
    <ClCompile Include="basic\evthread.cpp">
      <Filter>basic</Filter>
    </ClCompile>
    <ClCompile Include="tool\strtool.cpp">
      <Filter>tool</Filter>
    </ClCompile>
    <ClCompile Include="def\global.cpp">
      <Filter>def</Filter>
    </ClCompile>
    <ClCompile Include="net\netmodel.cpp">
      <Filter>net</Filter>
    </ClCompile>
    <ClCompile Include="net\net.cpp">
      <Filter>net</Filter>
    </ClCompile>
    <ClCompile Include="basic\log.cpp">
      <Filter>basic</Filter>
    </ClCompile>
    <ClCompile Include="tool\actool.cpp">
      <Filter>tool</Filter>
    </ClCompile>
    <ClCompile Include="tool\utiltool.cpp">
      <Filter>tool</Filter>
    </ClCompile>
    <ClCompile Include="logic\VarList.cpp">
      <Filter>logic</Filter>
    </ClCompile>
    <ClCompile Include="logic\ComponentModule.cpp">
      <Filter>logic</Filter>
    </ClCompile>
  </ItemGroup>
</Project>