<?xml version="1.0" encoding="utf-8"?>
<Project ToolsVersion="4.0" xmlns="http://schemas.microsoft.com/developer/msbuild/2003">
  <ItemGroup>
    <ClInclude Include="parser.h">
      <Filter>c++</Filter>
    </ClInclude>
    <ClInclude Include="name-lookup.h">
      <Filter>c++</Filter>
    </ClInclude>
    <ClInclude Include="lang-specs.h">
      <Filter>c++</Filter>
    </ClInclude>
    <ClInclude Include="decl.h">
      <Filter>c++</Filter>
    </ClInclude>
    <ClInclude Include="cxx-pretty-print.h">
      <Filter>c++</Filter>
    </ClInclude>
    <ClInclude Include="cp-tree.h">
      <Filter>c++</Filter>
    </ClInclude>
    <ClInclude Include="cp-objcp-common.h">
      <Filter>c++</Filter>
    </ClInclude>
    <ClInclude Include="cfns.h">
      <Filter>c++</Filter>
    </ClInclude>
    <ClInclude Include="..\vec.h">
      <Filter>gcc</Filter>
    </ClInclude>
    <ClInclude Include="..\tree.h">
      <Filter>gcc</Filter>
    </ClInclude>
    <ClInclude Include="..\c-family\c-common.h">
      <Filter>c-family</Filter>
    </ClInclude>
    <ClInclude Include="..\function.h">
      <Filter>gcc</Filter>
    </ClInclude>
    <ClInclude Include="..\config\i386\i386-protos.h">
      <Filter>config</Filter>
    </ClInclude>
    <ClInclude Include="..\c-family\c-pragma.h">
      <Filter>c-family</Filter>
    </ClInclude>
    <ClInclude Include="..\c-family\c-objc.h">
      <Filter>c-family</Filter>
    </ClInclude>
    <ClInclude Include="..\..\gcc-build-4.8.2\gcc\config.h">
      <Filter>build</Filter>
    </ClInclude>
    <ClInclude Include="..\..\gcc-build-4.8.2\gcc\gtype-desc.h">
      <Filter>build</Filter>
    </ClInclude>
  </ItemGroup>
  <ItemGroup>
    <Filter Include="build">
      <UniqueIdentifier>{d2ee8cc3-8621-48bd-a84e-41e18ec0cf29}</UniqueIdentifier>
    </Filter>
    <Filter Include="c++">
      <UniqueIdentifier>{1e432196-14e5-4457-8172-c36649ac8d6f}</UniqueIdentifier>
    </Filter>
    <Filter Include="gcc">
      <UniqueIdentifier>{8e2c9b53-b506-4e73-ab31-5b2f4844f6b0}</UniqueIdentifier>
    </Filter>
    <Filter Include="c-family">
      <UniqueIdentifier>{d7c6c86f-78e5-4754-8f2f-55d43794ec03}</UniqueIdentifier>
    </Filter>
    <Filter Include="config">
      <UniqueIdentifier>{642be872-2b34-4650-a630-d18297250928}</UniqueIdentifier>
    </Filter>
  </ItemGroup>
  <ItemGroup>
    <None Include="operators.def">
      <Filter>c++</Filter>
    </None>
    <None Include="cp-tree.def">
      <Filter>c++</Filter>
    </None>
  </ItemGroup>
  <ItemGroup>
    <ClCompile Include="typeck2.cpp">
      <Filter>c++</Filter>
    </ClCompile>
    <ClCompile Include="typeck.cpp">
      <Filter>c++</Filter>
    </ClCompile>
    <ClCompile Include="semantics.cpp">
      <Filter>c++</Filter>
    </ClCompile>
    <ClCompile Include="search.cpp">
      <Filter>c++</Filter>
    </ClCompile>
    <ClCompile Include="rtti.cpp">
      <Filter>c++</Filter>
    </ClCompile>
    <ClCompile Include="repo.cpp">
      <Filter>c++</Filter>
    </ClCompile>
    <ClCompile Include="ptree.cpp">
      <Filter>c++</Filter>
    </ClCompile>
    <ClCompile Include="pt.cpp">
      <Filter>c++</Filter>
    </ClCompile>
    <ClCompile Include="parser.cpp">
      <Filter>c++</Filter>
    </ClCompile>
    <ClCompile Include="optimize.cpp">
      <Filter>c++</Filter>
    </ClCompile>
    <ClCompile Include="name-lookup.cpp">
      <Filter>c++</Filter>
    </ClCompile>
    <ClCompile Include="method.cpp">
      <Filter>c++</Filter>
    </ClCompile>
    <ClCompile Include="mangle.cpp">
      <Filter>c++</Filter>
    </ClCompile>
    <ClCompile Include="lex.cpp">
      <Filter>c++</Filter>
    </ClCompile>
    <ClCompile Include="init.cpp">
      <Filter>c++</Filter>
    </ClCompile>
    <ClCompile Include="g++spec.cpp">
      <Filter>c++</Filter>
    </ClCompile>
    <ClCompile Include="friend.cpp">
      <Filter>c++</Filter>
    </ClCompile>
    <ClCompile Include="expr.cpp">
      <Filter>c++</Filter>
    </ClCompile>
    <ClCompile Include="except.cpp">
      <Filter>c++</Filter>
    </ClCompile>
    <ClCompile Include="error.cpp">
      <Filter>c++</Filter>
    </ClCompile>
    <ClCompile Include="dump.cpp">
      <Filter>c++</Filter>
    </ClCompile>
    <ClCompile Include="decl2.cpp">
      <Filter>c++</Filter>
    </ClCompile>
    <ClCompile Include="decl.cpp">
      <Filter>c++</Filter>
    </ClCompile>
    <ClCompile Include="cxx-pretty-print.cpp">
      <Filter>c++</Filter>
    </ClCompile>
    <ClCompile Include="cvt.cpp">
      <Filter>c++</Filter>
    </ClCompile>
    <ClCompile Include="cp-objcp-common.cpp">
      <Filter>c++</Filter>
    </ClCompile>
    <ClCompile Include="cp-lang.cpp">
      <Filter>c++</Filter>
    </ClCompile>
    <ClCompile Include="cp-gimplify.cpp">
      <Filter>c++</Filter>
    </ClCompile>
    <ClCompile Include="class.cpp">
      <Filter>c++</Filter>
    </ClCompile>
    <ClCompile Include="call.cpp">
      <Filter>c++</Filter>
    </ClCompile>
    <ClCompile Include="..\main.cpp" />
    <ClCompile Include="..\vec.cpp">
      <Filter>gcc</Filter>
    </ClCompile>
    <ClCompile Include="..\c-family\stub-objc.cpp">
      <Filter>gcc</Filter>
    </ClCompile>
    <ClCompile Include="..\tree.cpp">
      <Filter>gcc</Filter>
    </ClCompile>
    <ClCompile Include="..\fold-const.cpp">
      <Filter>gcc</Filter>
    </ClCompile>
    <ClCompile Include="..\c-family\c-common.cpp">
      <Filter>c-family</Filter>
    </ClCompile>
    <ClCompile Include="..\c-family\c-semantics.cpp">
      <Filter>c-family</Filter>
    </ClCompile>
    <ClCompile Include="cp-tree.cpp">
      <Filter>c++</Filter>
    </ClCompile>
    <ClCompile Include="..\varasm.cpp">
      <Filter>gcc</Filter>
    </ClCompile>
    <ClCompile Include="..\function.cpp">
      <Filter>gcc</Filter>
    </ClCompile>
    <ClCompile Include="..\config\i386\i386.cpp">
      <Filter>config</Filter>
    </ClCompile>
    <ClCompile Include="..\c-family\c-pragma.cpp">
      <Filter>c-family</Filter>
    </ClCompile>
    <ClCompile Include="..\c-family\c-lex.cpp">
      <Filter>c-family</Filter>
    </ClCompile>
    <ClCompile Include="..\..\gcc-build-4.8.2\gcc\gtype-desc.cpp">
      <Filter>build</Filter>
    </ClCompile>
    <ClCompile Include="..\attribs.cpp">
      <Filter>gcc</Filter>
    </ClCompile>
    <ClCompile Include="..\input.cpp">
      <Filter>gcc</Filter>
    </ClCompile>
  </ItemGroup>
</Project>