<?xml version="1.0" encoding="utf-8"?>
<Project ToolsVersion="4.0" xmlns="http://schemas.microsoft.com/developer/msbuild/2003">
  <ItemGroup>
    <Filter Include="util">
      <UniqueIdentifier>{69159387-9674-4a5c-9016-25efb0c6531a}</UniqueIdentifier>
    </Filter>
    <Filter Include="ui resource">
      <UniqueIdentifier>{67DA6AB6-F800-4c08-8B7A-83BB121AAD01}</UniqueIdentifier>
      <Extensions>rc;ico;cur;bmp;dlg;rc2;rct;bin;rgs;gif;jpg;jpeg;jpe;resx;tiff;tif;png;wav;mfcribbon-ms</Extensions>
    </Filter>
    <Filter Include="excel_api">
      <UniqueIdentifier>{933265b7-728a-4656-af62-2e6172ae3c84}</UniqueIdentifier>
    </Filter>
    <Filter Include="ui">
      <UniqueIdentifier>{4FC737F1-C7A5-4376-A066-2A32D752A2FF}</UniqueIdentifier>
      <Extensions>cpp;c;cc;cxx;def;odl;idl;hpj;bat;asm;asmx</Extensions>
    </Filter>
    <Filter Include="def">
      <UniqueIdentifier>{2e1ab35f-d369-409b-a367-144ba6268dcb}</UniqueIdentifier>
    </Filter>
    <Filter Include="language">
      <UniqueIdentifier>{2bbfc3b1-530e-44d4-9dea-6c9de41bbd0c}</UniqueIdentifier>
    </Filter>
    <Filter Include="language\xsd">
      <UniqueIdentifier>{41dce698-2ad0-4fbc-83c7-1411938b7bd3}</UniqueIdentifier>
    </Filter>
    <Filter Include="language\c++">
      <UniqueIdentifier>{c7822b7e-2b95-41bb-9ad0-012ddb788f2b}</UniqueIdentifier>
    </Filter>
    <Filter Include="language\go">
      <UniqueIdentifier>{dcc52ca2-f089-435c-9852-9bfbf3fbe31a}</UniqueIdentifier>
    </Filter>
    <Filter Include="parser">
      <UniqueIdentifier>{dc78020b-01e7-4e8b-8f79-939ddce158e0}</UniqueIdentifier>
    </Filter>
    <Filter Include="check">
      <UniqueIdentifier>{1ec5a624-e15b-4fd9-8d2b-4fba71bf1ce0}</UniqueIdentifier>
    </Filter>
  </ItemGroup>
  <ItemGroup>
    <None Include="res\parser.rc2">
      <Filter>ui resource</Filter>
    </None>
    <None Include="res\parser.ico">
      <Filter>ui resource</Filter>
    </None>
  </ItemGroup>
  <ItemGroup>
    <ClInclude Include="CApplication.h">
      <Filter>excel_api</Filter>
    </ClInclude>
    <ClInclude Include="CWorksheets.h">
      <Filter>excel_api</Filter>
    </ClInclude>
    <ClInclude Include="CWorkbook.h">
      <Filter>excel_api</Filter>
    </ClInclude>
    <ClInclude Include="CWorkbooks.h">
      <Filter>excel_api</Filter>
    </ClInclude>
    <ClInclude Include="CWorksheet.h">
      <Filter>excel_api</Filter>
    </ClInclude>
    <ClInclude Include="CRange.h">
      <Filter>excel_api</Filter>
    </ClInclude>
    <ClInclude Include="CRanges.h">
      <Filter>excel_api</Filter>
    </ClInclude>
    <ClInclude Include="file_util.h">
      <Filter>util</Filter>
    </ClInclude>
    <ClInclude Include="str_util.h">
      <Filter>util</Filter>
    </ClInclude>
    <ClInclude Include="prop_decl.h">
      <Filter>def</Filter>
    </ClInclude>
    <ClInclude Include="stdafx.h" />
    <ClInclude Include="propdef.h">
      <Filter>def</Filter>
    </ClInclude>
    <ClInclude Include="type.h">
      <Filter>def</Filter>
    </ClInclude>
    <ClInclude Include="echoutil.h">
      <Filter>util</Filter>
    </ClInclude>
    <ClInclude Include="gen_xsd.h">
      <Filter>language\xsd</Filter>
    </ClInclude>
    <ClInclude Include="parser.h">
      <Filter>parser</Filter>
    </ClInclude>
    <ClInclude Include="excel_util.h">
      <Filter>util</Filter>
    </ClInclude>
    <ClInclude Include="gen_h.h">
      <Filter>language\c++</Filter>
    </ClInclude>
    <ClInclude Include="gen_cpp.h">
      <Filter>language\c++</Filter>
    </ClInclude>
    <ClInclude Include="check_xml.h">
      <Filter>check</Filter>
    </ClInclude>
    <ClInclude Include="targetver.h">
      <Filter>ui</Filter>
    </ClInclude>
    <ClInclude Include="Resource.h">
      <Filter>ui</Filter>
    </ClInclude>
  </ItemGroup>
  <ItemGroup>
    <ClCompile Include="file_util.cpp">
      <Filter>util</Filter>
    </ClCompile>
    <ClCompile Include="str_util.cpp">
      <Filter>util</Filter>
    </ClCompile>
    <ClCompile Include="prop_decl.cpp">
      <Filter>def</Filter>
    </ClCompile>
    <ClCompile Include="stdafx.cpp" />
    <ClCompile Include="echoutil.cpp">
      <Filter>util</Filter>
    </ClCompile>
    <ClCompile Include="gen_xsd.cpp">
      <Filter>language\xsd</Filter>
    </ClCompile>
    <ClCompile Include="parser.cpp">
      <Filter>parser</Filter>
    </ClCompile>
    <ClCompile Include="excel_util.cpp">
      <Filter>util</Filter>
    </ClCompile>
    <ClCompile Include="gen_h.cpp">
      <Filter>language\c++</Filter>
    </ClCompile>
    <ClCompile Include="gen_cpp.cpp">
      <Filter>language\c++</Filter>
    </ClCompile>
    <ClCompile Include="check_xml.cpp">
      <Filter>check</Filter>
    </ClCompile>
    <ClCompile Include="main.cpp" />
  </ItemGroup>
  <ItemGroup>
    <ResourceCompile Include="parser.rc">
      <Filter>ui resource</Filter>
    </ResourceCompile>
  </ItemGroup>
</Project>