<?xml version="1.0" encoding="utf-8"?>
<Project ToolsVersion="4.0" xmlns="http://schemas.microsoft.com/developer/msbuild/2003">
  <ItemGroup>
    <Filter Include="robot">
      <UniqueIdentifier>{39ac560d-dc56-4a29-bcc3-bd54deba0827}</UniqueIdentifier>
    </Filter>
  </ItemGroup>
  <ItemGroup>
    <ClCompile Include="Robot.cpp">
      <Filter>robot</Filter>
    </ClCompile>
    <ClCompile Include="..\packet\LoginReqMsg.pb.cc" />
    <ClCompile Include="main.cpp" />
  </ItemGroup>
  <ItemGroup>
    <ClInclude Include="Robot.h">
      <Filter>robot</Filter>
    </ClInclude>
    <ClInclude Include="..\packet\LoginReqMsg.pb.h" />
  </ItemGroup>
</Project>