<?xml version="1.0" encoding="utf-8"?>
<Project ToolsVersion="4.0" xmlns="http://schemas.microsoft.com/developer/msbuild/2003">
  <ItemGroup>
    <ClCompile Include="..\..\..\src\server\common\server\utility.cpp">
      <Filter>common</Filter>
    </ClCompile>
    <ClCompile Include="..\..\..\src\server\common\server\packetparser.cpp">
      <Filter>common</Filter>
    </ClCompile>
    <ClCompile Include="..\..\..\src\server\monitorserver\logic\keepaliveevent.cpp">
      <Filter>logic</Filter>
    </ClCompile>
    <ClCompile Include="..\..\..\src\server\monitorserver\logic\monitor.cpp">
      <Filter>logic</Filter>
    </ClCompile>
    <ClCompile Include="..\..\..\src\server\monitorserver\framework\msapplication.cpp">
      <Filter>framework</Filter>
    </ClCompile>
    <ClCompile Include="..\..\..\src\server\monitorserver\logic\msconfig.cpp">
      <Filter>logic</Filter>
    </ClCompile>
    <ClCompile Include="..\..\..\src\server\monitorserver\net\gm\gmprocessor.cpp">
      <Filter>net\gm</Filter>
    </ClCompile>
    <ClCompile Include="..\..\..\src\server\protocol\server\protocommondata.cpp">
      <Filter>protocol</Filter>
    </ClCompile>
    <ClCompile Include="..\..\..\src\server\protocol\server\protomsgm.cpp">
      <Filter>protocol</Filter>
    </ClCompile>
    <ClCompile Include="..\..\..\src\server\monitorserver\logic\base64.cpp">
      <Filter>logic</Filter>
    </ClCompile>
    <ClCompile Include="..\..\..\src\server\monitorserver\logic\smtp.cpp">
      <Filter>logic</Filter>
    </ClCompile>
    <ClCompile Include="..\..\..\src\server\monitorserver\monitorserver.cpp" />
  </ItemGroup>
  <ItemGroup>
    <Filter Include="common">
      <UniqueIdentifier>{b447fb68-e1c0-4452-b797-86db30ac17e4}</UniqueIdentifier>
    </Filter>
    <Filter Include="framework">
      <UniqueIdentifier>{68cece42-937b-439d-8997-bfcb35a65baf}</UniqueIdentifier>
    </Filter>
    <Filter Include="logic">
      <UniqueIdentifier>{387921c5-a696-4d8c-a16d-e64edda359a9}</UniqueIdentifier>
    </Filter>
    <Filter Include="net">
      <UniqueIdentifier>{997468a5-ad00-4a65-94f3-9f51dee38233}</UniqueIdentifier>
    </Filter>
    <Filter Include="net\gm">
      <UniqueIdentifier>{92a50ca1-14cf-4f0c-a485-84eaae0c7f92}</UniqueIdentifier>
    </Filter>
    <Filter Include="protocol">
      <UniqueIdentifier>{604f0ff3-4854-45d5-9e41-33974d8aaf04}</UniqueIdentifier>
    </Filter>
  </ItemGroup>
  <ItemGroup>
    <ClInclude Include="..\..\..\src\server\common\server\packetparser.h">
      <Filter>common</Filter>
    </ClInclude>
    <ClInclude Include="..\..\..\src\server\common\server\utility.h">
      <Filter>common</Filter>
    </ClInclude>
    <ClInclude Include="..\..\..\src\server\common\client\commondef.h">
      <Filter>common</Filter>
    </ClInclude>
    <ClInclude Include="..\..\..\src\server\monitorserver\logic\keepaliveevent.h">
      <Filter>logic</Filter>
    </ClInclude>
    <ClInclude Include="..\..\..\src\server\monitorserver\logic\monitor.h">
      <Filter>logic</Filter>
    </ClInclude>
    <ClInclude Include="..\..\..\src\server\monitorserver\framework\msapplication.h">
      <Filter>framework</Filter>
    </ClInclude>
    <ClInclude Include="..\..\..\src\server\monitorserver\logic\msconfig.h">
      <Filter>logic</Filter>
    </ClInclude>
    <ClInclude Include="..\..\..\src\server\monitorserver\net\gm\gmprocessor.h">
      <Filter>net\gm</Filter>
    </ClInclude>
    <ClInclude Include="..\..\..\src\server\protocol\server\protocommondata.h">
      <Filter>protocol</Filter>
    </ClInclude>
    <ClInclude Include="..\..\..\src\server\protocol\server\protomsgm.h">
      <Filter>protocol</Filter>
    </ClInclude>
    <ClInclude Include="..\..\..\src\server\monitorserver\logic\base64.h">
      <Filter>logic</Filter>
    </ClInclude>
    <ClInclude Include="..\..\..\src\server\monitorserver\logic\smtp.h">
      <Filter>logic</Filter>
    </ClInclude>
  </ItemGroup>
</Project>