<?xml version="1.0" encoding="utf-8"?>
<Project ToolsVersion="4.0" xmlns="http://schemas.microsoft.com/developer/msbuild/2003">
  <ItemGroup>
    <Filter Include="mine">
      <UniqueIdentifier>{5fb6dbd1-0d40-4fc0-a1c8-4c8ad3d9c5a5}</UniqueIdentifier>
    </Filter>
    <Filter Include="tinythread">
      <UniqueIdentifier>{1e5d4106-523e-4fa3-a913-edcfeb802dcc}</UniqueIdentifier>
    </Filter>
    <Filter Include="message">
      <UniqueIdentifier>{d0d05568-6256-4d87-8dd0-df86fed71e51}</UniqueIdentifier>
    </Filter>
  </ItemGroup>
  <ItemGroup>
    <ClCompile Include="main.cpp">
      <Filter>mine</Filter>
    </ClCompile>
    <ClCompile Include="..\..\3rd_src\tinythread\TinyThread++-1.1\source\tinythread.cpp">
      <Filter>tinythread</Filter>
    </ClCompile>
    <ClCompile Include="Acceptor.cpp" />
    <ClCompile Include="Buffer.cpp" />
    <ClCompile Include="Channel.cpp" />
    <ClCompile Include="Connector.cpp" />
    <ClCompile Include="Endian.cpp" />
    <ClCompile Include="EventLoop.cpp" />
    <ClCompile Include="EventLoopThread.cc" />
    <ClCompile Include="EventLoopThreadPool.cpp" />
    <ClCompile Include="InetAddress.cpp" />
    <ClCompile Include="Poller.cc" />
    <ClCompile Include="Socket.cpp" />
    <ClCompile Include="SocketsOps.cpp" />
    <ClCompile Include="TcpClient.cpp" />
    <ClCompile Include="TcpConnection.cpp" />
    <ClCompile Include="TcpServer.cpp" />
    <ClCompile Include="Timer.cpp" />
  </ItemGroup>
  <ItemGroup>
    <ClInclude Include="..\..\3rd_src\tinythread\TinyThread++-1.1\source\fast_mutex.h">
      <Filter>tinythread</Filter>
    </ClInclude>
    <ClInclude Include="..\..\3rd_src\tinythread\TinyThread++-1.1\source\tinythread.h">
      <Filter>tinythread</Filter>
    </ClInclude>
    <ClInclude Include="Message.h">
      <Filter>message</Filter>
    </ClInclude>
    <ClInclude Include="Acceptor.h" />
    <ClInclude Include="Buffer.h" />
    <ClInclude Include="Callbacks.h" />
    <ClInclude Include="Channel.h" />
    <ClInclude Include="Connector.h" />
    <ClInclude Include="Endian.h" />
    <ClInclude Include="EventLoop.h" />
    <ClInclude Include="EventLoopThread.h" />
    <ClInclude Include="EventLoopThreadPool.h" />
    <ClInclude Include="InetAddress.h" />
    <ClInclude Include="Poller.h" />
    <ClInclude Include="Socket.h" />
    <ClInclude Include="SocketsOps.h" />
    <ClInclude Include="TcpClient.h" />
    <ClInclude Include="TcpConnection.h" />
    <ClInclude Include="TcpServer.h" />
    <ClInclude Include="Timer.h" />
  </ItemGroup>
</Project>